{
  "name": "hello-uniapp",
  "version": "3.4.9",
  "lockfileVersion": 3,
  "requires": true,
  "packages": {
    "": {
      "name": "hello-uniapp",
      "version": "3.4.9",
      "license": "MIT",
      "dependencies": {
        "uview-pro": "^0.5.3"
      },
      "engines": {
        "HBuilderX": "^3.1.0",
        "uni-app": "^4.03",
        "uni-app-x": ""
      }
    },
    "node_modules/uview-pro": {
      "version": "0.5.3",
      "resolved": "https://registry.npmjs.org/uview-pro/-/uview-pro-0.5.3.tgz",
      "integrity": "sha512-XzydIcSdrRlBu4SXlmAlYHXLnMmmWAryXNRrVrk3Ro4HVv+SGLWgsrKgdEjZqdiFy1bJK6fJRbaoRp4lynbvQw==",
      "license": "MIT",
      "engines": {
        "HBuilderX": "^4.07",
        "uni-app": "^4.07",
        "uni-app-x": ""
      }
    }
  }
}
